github.com/aws/aws-sdk-go-v2 v1.37.2 h1:xkW1iMYawzcmYFYEV0UCMxc8gSsjCGEhBXQkdQywVbo=
github.com/aws/aws-sdk-go-v2 v1.37.2/go.mod h1:9Q0OoGQoboYIAJyslFyF1f5K1Ryddop8gqMhWx/n4Wg=
github.com/aws/aws-sdk-go-v2/config v1.30.2 h1:YE1BmSc4fFYqFgN1mN8uzrtc7R9x+7oSWeX8ckoltAw=
github.com/aws/aws-sdk-go-v2/config v1.30.2/go.mod h1:UNrLGZ6jfAVjgVJpkIxjLufRJqTXCVYOpkeVf83kwBo=
github.com/aws/aws-sdk-go-v2/credentials v1.18.2 h1:mfm0GKY/PHLhs7KO0sUaOtFnIQ15Qqxt+wXbO/5fIfs=
github.com/aws/aws-sdk-go-v2/credentials v1.18.2/go.mod h1:v0SdJX6ayPeZFQxgXUKw5RhLpAoZUuynxWDfh8+Eknc=
github.com/aws/aws-sdk-go-v2/feature/ec2/imds v1.18.1 h1:owmNBboeA0kHKDcdF8KiSXmrIuXZustfMGGytv6OMkM=
github.com/aws/aws-sdk-go-v2/feature/ec2/imds v1.18.1/go.mod h1:Bg1miN59SGxrZqlP8vJZSmXW+1N8Y1MjQDq1OfuNod8=
github.com/aws/aws-sdk-go-v2/internal/configsources v1.4.2 h1:sPiRHLVUIIQcoVZTNwqQcdtjkqkPopyYmIX0M5ElRf4=
github.com/aws/aws-sdk-go-v2/internal/configsources v1.4.2/go.mod h1:ik86P3sgV+Bk7c1tBFCwI3VxMoSEwl4YkRB9xn1s340=
github.com/aws/aws-sdk-go-v2/internal/endpoints/v2 v2.7.2 h1:ZdzDAg075H6stMZtbD2o+PyB933M/f20e9WmCBC17wA=
github.com/aws/aws-sdk-go-v2/internal/endpoints/v2 v2.7.2/go.mod h1:eE1IIzXG9sdZCB0pNNpMpsYTLl4YdOQD3njiVN1e/E4=
github.com/aws/aws-sdk-go-v2/internal/ini v1.8.3 h1:bIqFDwgGXXN1Kpp99pDOdKMTTb5d2KyU5X/BZxjOkRo=
github.com/aws/aws-sdk-go-v2/internal/ini v1.8.3/go.mod h1:H5O/EsxDWyU+LP/V8i5sm8cxoZgc2fdNR9bxlOFrQTo=
github.com/aws/aws-sdk-go-v2/service/ecr v1.48.0 h1:2SOhwFVwG8PxJVT8DM6nhGsX+JZ8bl9CVgeiueeL4gs=
github.com/aws/aws-sdk-go-v2/service/ecr v1.48.0/go.mod h1:j8i+iiBvaf+Em29qBiXuhw5r9tGWDbpFEvLDqLtnMh8=
github.com/aws/aws-sdk-go-v2/service/internal/accept-encoding v1.13.0 h1:6+lZi2JeGKtCraAj1rpoZfKqnQ9SptseRZioejfUOLM=
github.com/aws/aws-sdk-go-v2/service/internal/accept-encoding v1.13.0/go.mod h1:eb3gfbVIxIoGgJsi9pGne19dhCBpK6opTYpQqAmdy44=
github.com/aws/aws-sdk-go-v2/service/internal/presigned-url v1.13.1 h1:ky79ysLMxhwk5rxJtS+ILd3Mc8kC5fhsLBrP27r6h4I=
github.com/aws/aws-sdk-go-v2/service/internal/presigned-url v1.13.1/go.mod h1:+2MmkvFvPYM1vsozBWduoLJUi5maxFk5B7KJFECujhY=
github.com/aws/aws-sdk-go-v2/service/sso v1.26.1 h1:uWaz3DoNK9MNhm7i6UGxqufwu3BEuJZm72WlpGwyVtY=
github.com/aws/aws-sdk-go-v2/service/sso v1.26.1/go.mod h1:ILpVNjL0BO+Z3Mm0SbEeUoYS9e0eJWV1BxNppp0fcb8=
github.com/aws/aws-sdk-go-v2/service/ssooidc v1.31.1 h1:XdG6/o1/ZDmn3wJU5SRAejHaWgKS4zHv0jBamuKuS2k=
github.com/aws/aws-sdk-go-v2/service/ssooidc v1.31.1/go.mod h1:oiotGTKadCOCl3vg/tYh4k45JlDF81Ka8rdumNhEnIQ=
github.com/aws/aws-sdk-go-v2/service/sts v1.35.1 h1:iF4Xxkc0H9c/K2dS0zZw3SCkj0Z7n6AMnUiiyoJND+I=
github.com/aws/aws-sdk-go-v2/service/sts v1.35.1/go.mod h1:0bxIatfN0aLq4mjoLDeBpOjOke68OsFlXPDFJ7V0MYw=
github.com/aws/smithy-go v1.22.5 h1:P9ATCXPMb2mPjYBgueqJNCA5S9UfktsW0tTxi+a7eqw=
github.com/aws/smithy-go v1.22.5/go.mod h1:t1ufH5HMublsJYulve2RKmHDC15xu1f26kHCp/HgceI=
